Microsoft Visual Studio Solution File, Format Version 12.00
# Visual Studio Version 17
VisualStudioVersion = 17.5.2.0
MinimumVisualStudioVersion = 10.0.40219.1
Project("{FAE04EC0-301F-11D3-BF4B-00C04F79EFBC}") = "Cloud9.2", "Cloud9.2.csproj", "{C670DAA4-5DDC-C81C-209B-814727BD4548}"
EndProject
Global
	GlobalSection(SolutionConfigurationPlatforms) = preSolution
		Debug|Any CPU = Debug|Any CPU
		Release|Any CPU = Release|Any CPU
	EndGlobalSection
	GlobalSection(ProjectConfigurationPlatforms) = postSolution
		{C670DAA4-5DDC-C81C-209B-814727BD4548}.Debug|Any CPU.ActiveCfg = Debug|Any CPU
		{C670DAA4-5DDC-C81C-209B-814727BD4548}.Debug|Any CPU.Build.0 = Debug|Any CPU
		{C670DAA4-5DDC-C81C-209B-814727BD4548}.Release|Any CPU.ActiveCfg = Release|Any CPU
		{C670DAA4-5DDC-C81C-209B-814727BD4548}.Release|Any CPU.Build.0 = Release|Any CPU
	EndGlobalSection
	GlobalSection(SolutionProperties) = preSolution
		HideSolutionNode = FALSE
	EndGlobalSection
	GlobalSection(ExtensibilityGlobals) = postSolution
		SolutionGuid = {194C53AB-A1BE-4F14-BADA-05764A2766BD}
	EndGlobalSection
EndGlobal
